
Microsoft Visual Studio Solution File, Format Version 12.00
# Visual Studio Version 17
VisualStudioVersion = 17.10.34928.147
MinimumVisualStudioVersion = 10.0.40219.1
Project("{9A19103F-16F7-4668-BE54-9A1E7A4F7556}") = "CollabriaPortal", "CollabriaPortal.csproj", "{0CB34AE6-24FF-4F26-AF1D-BD361CA967F7}"
EndProject
Global
	GlobalSection(SolutionConfigurationPlatforms) = preSolution
		Debug|Any CPU = Debug|Any CPU
		Release|Any CPU = Release|Any CPU
	EndGlobalSection
	GlobalSection(ProjectConfigurationPlatforms) = postSolution
		{0CB34AE6-24FF-4F26-AF1D-BD361CA967F7}.Debug|Any CPU.ActiveCfg = Debug|Any CPU
		{0CB34AE6-24FF-4F26-AF1D-BD361CA967F7}.Debug|Any CPU.Build.0 = Debug|Any CPU
		{0CB34AE6-24FF-4F26-AF1D-BD361CA967F7}.Release|Any CPU.ActiveCfg = Release|Any CPU
		{0CB34AE6-24FF-4F26-AF1D-BD361CA967F7}.Release|Any CPU.Build.0 = Release|Any CPU
	EndGlobalSection
	GlobalSection(SolutionProperties) = preSolution
		HideSolutionNode = FALSE
	EndGlobalSection
	GlobalSection(ExtensibilityGlobals) = postSolution
		SolutionGuid = {E1810C8E-CB96-4C8A-ADE0-6EF05A87A704}
	EndGlobalSection
EndGlobal
